// !$*UTF8*$!
{
	archiveVersion = 1;
	classes = {
	};
	objectVersion = 46;
	objects = {

/* Begin PBXBuildFile section */
		D41345931C42461700D67C0E /* main.m in Sources */ = {isa = PBXBuildFile; fileRef = D41345921C42461700D67C0E /* main.m */; };
		D41345961C42461700D67C0E /* AppDelegate.m in Sources */ = {isa = PBXBuildFile; fileRef = D41345951C42461700D67C0E /* AppDelegate.m */; };
		D41345991C42461700D67C0E /* ViewController.m in Sources */ = {isa = PBXBuildFile; fileRef = D41345981C42461700D67C0E /* ViewController.m */; };
		D413459C1C42461700D67C0E /* Main.storyboard in Resources */ = {isa = PBXBuildFile; fileRef = D413459A1C42461700D67C0E /* Main.storyboard */; };
		D413459E1C42461700D67C0E /* Assets.xcassets in Resources */ = {isa = PBXBuildFile; fileRef = D413459D1C42461700D67C0E /* Assets.xcassets */; };
		D41345A11C42461700D67C0E /* LaunchScreen.storyboard in Resources */ = {isa = PBXBuildFile; fileRef = D413459F1C42461700D67C0E /* LaunchScreen.storyboard */; };
/* End PBXBuildFile section */

/* Begin PBXFileReference section */
		D413458E1C42461700D67C0E /* WWCategory.app */ = {isa = PBXFileReference; explicitFileType = wrapper.application; includeInIndex = 0; path = WWCategory.app; sourceTree = BUILT_PRODUCTS_DIR; };
		D41345921C42461700D67C0E /* main.m */ = {isa = PBXFileReference; lastKnownFileType = sourcecode.c.objc; path = main.m; sourceTree = "<group>"; };
		D41345941C42461700D67C0E /* AppDelegate.h */ = {isa = PBXFileReference; lastKnownFileType = sourcecode.c.h; path = AppDelegate.h; sourceTree = "<group>"; };
		D41345951C42461700D67C0E /* AppDelegate.m */ = {isa = PBXFileReference; lastKnownFileType = sourcecode.c.objc; path = AppDelegate.m; sourceTree = "<group>"; };
		D41345971C42461700D67C0E /* ViewController.h */ = {isa = PBXFileReference; lastKnownFileType = sourcecode.c.h; path = ViewController.h; sourceTree = "<group>"; };
		D41345981C42461700D67C0E /* ViewController.m */ = {isa = PBXFileReference; lastKnownFileType = sourcecode.c.objc; path = ViewController.m; sourceTree = "<group>"; };
		D413459B1C42461700D67C0E /* Base */ = {isa = PBXFileReference; lastKnownFileType = file.storyboard; name = Base; path = Base.lproj/Main.storyboard; sourceTree = "<group>"; };
		D413459D1C42461700D67C0E /* Assets.xcassets */ = {isa = PBXFileReference; lastKnownFileType = folder.assetcatalog; path = Assets.xcassets; sourceTree = "<group>"; };
		D41345A01C42461700D67C0E /* Base */ = {isa = PBXFileReference; lastKnownFileType = file.storyboard; name = Base; path = Base.lproj/LaunchScreen.storyboard; sourceTree = "<group>"; };
		D41345A21C42461700D67C0E /* Info.plist */ = {isa = PBXFileReference; lastKnownFileType = text.plist.xml; path = Info.plist; sourceTree = "<group>"; };
/* End PBXFileReference section */

/* Begin PBXFrameworksBuildPhase section */
		D413458B1C42461700D67C0E /* Frameworks */ = {
			isa = PBXFrameworksBuildPhase;
			buildActionMask = 2147483647;
			files = (
			);
			runOnlyForDeploymentPostprocessing = 0;
		};
/* End PBXFrameworksBuildPhase section */

/* Begin PBXGroup section */
		D41345851C42461700D67C0E = {
			isa = PBXGroup;
			children = (
				D41345901C42461700D67C0E /* WWCategory */,
				D413458F1C42461700D67C0E /* Products */,
			);
			sourceTree = "<group>";
		};
		D413458F1C42461700D67C0E /* Products */ = {
			isa = PBXGroup;
			children = (
				D413458E1C42461700D67C0E /* WWCategory.app */,
			);
			name = Products;
			sourceTree = "<group>";
		};
		D41345901C42461700D67C0E /* WWCategory */ = {
			isa = PBXGroup;
			children = (
				D41345A81C42462900D67C0E /* Category */,
				D41345941C42461700D67C0E /* AppDelegate.h */,
				D41345951C42461700D67C0E /* AppDelegate.m */,
				D41345971C42461700D67C0E /* ViewController.h */,
				D41345981C42461700D67C0E /* ViewController.m */,
				D413459A1C42461700D67C0E /* Main.storyboard */,
				D413459D1C42461700D67C0E /* Assets.xcassets */,
				D413459F1C42461700D67C0E /* LaunchScreen.storyboard */,
				D41345A21C42461700D67C0E /* Info.plist */,
				D41345911C42461700D67C0E /* Supporting Files */,
			);
			path = WWCategory;
			sourceTree = "<group>";
		};
		D41345911C42461700D67C0E /* Supporting Files */ = {
			isa = PBXGroup;
			children = (
				D41345921C42461700D67C0E /* main.m */,
			);
			name = "Supporting Files";
			sourceTree = "<group>";
		};
		D41345A81C42462900D67C0E /* Category */ = {
			isa = PBXGroup;
			children = (
			);
			path = Category;
			sourceTree = SOURCE_ROOT;
		};
/* End PBXGroup section */

/* Begin PBXNativeTarget section */
		D413458D1C42461700D67C0E /* WWCategory */ = {
			isa = PBXNativeTarget;
			buildConfigurationList = D41345A51C42461700D67C0E /* Build configuration list for PBXNativeTarget "WWCategory" */;
			buildPhases = (
				D413458A1C42461700D67C0E /* Sources */,
				D413458B1C42461700D67C0E /* Frameworks */,
				D413458C1C42461700D67C0E /* Resources */,
			);
			buildRules = (
			);
			dependencies = (
			);
			name = WWCategory;
			productName = WWCategory;
			productReference = D413458E1C42461700D67C0E /* WWCategory.app */;
			productType = "com.apple.product-type.application";
		};
/* End PBXNativeTarget section */

/* Begin PBXProject section */
		D41345861C42461700D67C0E /* Project object */ = {
			isa = PBXProject;
			attributes = {
				LastUpgradeCheck = 0720;
				ORGANIZATIONNAME = "Won Woo Choi";
				TargetAttributes = {
					D413458D1C42461700D67C0E = {
						CreatedOnToolsVersion = 7.2;
					};
				};
			};
			buildConfigurationList = D41345891C42461700D67C0E /* Build configuration list for PBXProject "WWCategory" */;
			compatibilityVersion = "Xcode 3.2";
			developmentRegion = English;
			hasScannedForEncodings = 0;
			knownRegions = (
				en,
				Base,
			);
			mainGroup = D41345851C42461700D67C0E;
			productRefGroup = D413458F1C42461700D67C0E /* Products */;
			projectDirPath = "";
			projectRoot = "";
			targets = (
				D413458D1C42461700D67C0E /* WWCategory */,
			);
		};
/* End PBXProject section */

/* Begin PBXResourcesBuildPhase section */
		D413458C1C42461700D67C0E /* Resources */ = {
			isa = PBXResourcesBuildPhase;
			buildActionMask = 2147483647;
			files = (
				D41345A11C42461700D67C0E /* LaunchScreen.storyboard in Resources */,
				D413459E1C42461700D67C0E /* Assets.xcassets in Resources */,
				D413459C1C42461700D67C0E /* Main.storyboard in Resources */,
			);
			runOnlyForDeploymentPostprocessing = 0;
		};
/* End PBXResourcesBuildPhase section */

/* Begin PBXSourcesBuildPhase section */
		D413458A1C42461700D67C0E /* Sources */ = {
			isa = PBXSourcesBuildPhase;
			buildActionMask = 2147483647;
			files = (
				D41345991C42461700D67C0E /* ViewController.m in Sources */,
				D41345961C42461700D67C0E /* AppDelegate.m in Sources */,
				D41345931C42461700D67C0E /* main.m in Sources */,
			);
			runOnlyForDeploymentPostprocessing = 0;
		};
/* End PBXSourcesBuildPhase section */

/* Begin PBXVariantGroup section */
		D413459A1C42461700D67C0E /* Main.storyboard */ = {
			isa = PBXVariantGroup;
			children = (
				D413459B1C42461700D67C0E /* Base */,
			);
			name = Main.storyboard;
			sourceTree = "<group>";
		};
		D413459F1C42461700D67C0E /* LaunchScreen.storyboard */ = {
			isa = PBXVariantGroup;
			children = (
				D41345A01C42461700D67C0E /* Base */,
			);
			name = LaunchScreen.storyboard;
			sourceTree = "<group>";
		};
/* End PBXVariantGroup section */

/* Begin XCBuildConfiguration section */
		D41345A31C42461700D67C0E /* Debug */ = {
			isa = XCBuildConfiguration;
			buildSettings = {
				ALWAYS_SEARCH_USER_PATHS = NO;
				CLANG_CXX_LANGUAGE_STANDARD = "gnu++0x";
				CLANG_CXX_LIBRARY = "libc++";
				CLANG_ENABLE_MODULES = YES;
				CLANG_ENABLE_OBJC_ARC = YES;
				CLANG_WARN_BOOL_CONVERSION = YES;
				CLANG_WARN_CONSTANT_CONVERSION = YES;
				CLANG_WARN_DIRECT_OBJC_ISA_USAGE = YES_ERROR;
				CLANG_WARN_EMPTY_BODY = YES;
				CLANG_WARN_ENUM_CONVERSION = YES;
				CLANG_WARN_INT_CONVERSION = YES;
				CLANG_WARN_OBJC_ROOT_CLASS = YES_ERROR;
				CLANG_WARN_UNREACHABLE_CODE = YES;
				CLANG_WARN__DUPLICATE_METHOD_MATCH = YES;
				"CODE_SIGN_IDENTITY[sdk=iphoneos*]" = "iPhone Developer";
				COPY_PHASE_STRIP = NO;
				DEBUG_INFORMATION_FORMAT = dwarf;
				ENABLE_STRICT_OBJC_MSGSEND = YES;
				ENABLE_TESTABILITY = YES;
				GCC_C_LANGUAGE_STANDARD = gnu99;
				GCC_DYNAMIC_NO_PIC = NO;
				GCC_NO_COMMON_BLOCKS = YES;
				GCC_OPTIMIZATION_LEVEL = 0;
				GCC_PREPROCESSOR_DEFINITIONS = (
					"DEBUG=1",
					"$(inherited)",
				);
				GCC_WARN_64_TO_32_BIT_CONVERSION = YES;
				GCC_WARN_ABOUT_RETURN_TYPE = YES_ERROR;
				GCC_WARN_UNDECLARED_SELECTOR = YES;
				GCC_WARN_UNINITIALIZED_AUTOS = YES_AGGRESSIVE;
				GCC_WARN_UNUSED_FUNCTION = YES;
				GCC_WARN_UNUSED_VARIABLE = YES;
				IPHONEOS_DEPLOYMENT_TARGET = 9.2;
				MTL_ENABLE_DEBUG_INFO = YES;
				ONLY_ACTIVE_ARCH = YES;
				SDKROOT = iphoneos;
			};
			name = Debug;
		};
		D41345A41C42461700D67C0E /* Release */ = {
			isa = XCBuildConfiguration;
			buildSettings = {
				ALWAYS_SEARCH_USER_PATHS = NO;
				CLANG_CXX_LANGUAGE_STANDARD = "gnu++0x";
				CLANG_CXX_LIBRARY = "libc++";
				CLANG_ENABLE_MODULES = YES;
				CLANG_ENABLE_OBJC_ARC = YES;
				CLANG_WARN_BOOL_CONVERSION = YES;
				CLANG_WARN_CONSTANT_CONVERSION = YES;
				CLANG_WARN_DIRECT_OBJC_ISA_USAGE = YES_ERROR;
				CLANG_WARN_EMPTY_BODY = YES;
				CLANG_WARN_ENUM_CONVERSION = YES;
				CLANG_WARN_INT_CONVERSION = YES;
				CLANG_WARN_OBJC_ROOT_CLASS = YES_ERROR;
				CLANG_WARN_UNREACHABLE_CODE = YES;
				CLANG_WARN__DUPLICATE_METHOD_MATCH = YES;
				"CODE_SIGN_IDENTITY[sdk=iphoneos*]" = "iPhone Developer";
				COPY_PHASE_STRIP = NO;
				DEBUG_INFORMATION_FORMAT = "dwarf-with-dsym";
				ENABLE_NS_ASSERTIONS = NO;
				ENABLE_STRICT_OBJC_MSGSEND = YES;
				GCC_C_LANGUAGE_STANDARD = gnu99;
				GCC_NO_COMMON_BLOCKS = YES;
				GCC_WARN_64_TO_32_BIT_CONVERSION = YES;
				GCC_WARN_ABOUT_RETURN_TYPE = YES_ERROR;
				GCC_WARN_UNDECLARED_SELECTOR = YES;
				GCC_WARN_UNINITIALIZED_AUTOS = YES_AGGRESSIVE;
				GCC_WARN_UNUSED_FUNCTION = YES;
				GCC_WARN_UNUSED_VARIABLE = YES;
				IPHONEOS_DEPLOYMENT_TARGET = 9.2;
				MTL_ENABLE_DEBUG_INFO = NO;
				SDKROOT = iphoneos;
				VALIDATE_PRODUCT = YES;
			};
			name = Release;
		};
		D41345A61C42461700D67C0E /* Debug */ = {
			isa = XCBuildConfiguration;
			buildSettings = {
				ASSETCATALOG_COMPILER_APPICON_NAME = AppIcon;
				INFOPLIST_FILE = WWCategory/Info.plist;
				LD_RUNPATH_SEARCH_PATHS = "$(inherited) @executable_path/Frameworks";
				PRODUCT_BUNDLE_IDENTIFIER = "-.WWCategory";
				PRODUCT_NAME = "$(TARGET_NAME)";
			};
			name = Debug;
		};
		D41345A71C42461700D67C0E /* Release */ = {
			isa = XCBuildConfiguration;
			buildSettings = {
				ASSETCATALOG_COMPILER_APPICON_NAME = AppIcon;
				INFOPLIST_FILE = WWCategory/Info.plist;
				LD_RUNPATH_SEARCH_PATHS = "$(inherited) @executable_path/Frameworks";
				PRODUCT_BUNDLE_IDENTIFIER = "-.WWCategory";
				PRODUCT_NAME = "$(TARGET_NAME)";
			};
			name = Release;
		};
/* End XCBuildConfiguration section */

/* Begin XCConfigurationList section */
		D41345891C42461700D67C0E /* Build configuration list for PBXProject "WWCategory" */ = {
			isa = XCConfigurationList;
			buildConfigurations = (
				D41345A31C42461700D67C0E /* Debug */,
				D41345A41C42461700D67C0E /* Release */,
			);
			defaultConfigurationIsVisible = 0;
			defaultConfigurationName = Release;
		};
		D41345A51C42461700D67C0E /* Build configuration list for PBXNativeTarget "WWCategory" */ = {
			isa = XCConfigurationList;
			buildConfigurations = (
				D41345A61C42461700D67C0E /* Debug */,
				D41345A71C42461700D67C0E /* Release */,
			);
			defaultConfigurationIsVisible = 0;
		};
/* End XCConfigurationList section */
	};
	rootObject = D41345861C42461700D67C0E /* Project object */;
}
