// !$*UTF8*$!
{
	archiveVersion = 1;
	classes = {
	};
	objectVersion = 46;
	objects = {

/* Begin PBXBuildFile section */
		D41345931C42461700D67C0E /* main.m in Sources */ = {isa = PBXBuildFile; fileRef = D41345921C42461700D67C0E /* main.m */; };
		D41345961C42461700D67C0E /* AppDelegate.m in Sources */ = {isa = PBXBuildFile; fileRef = D41345951C42461700D67C0E /* AppDelegate.m */; };
		D41345991C42461700D67C0E /* ViewController.m in Sources */ = {isa = PBXBuildFile; fileRef = D41345981C42461700D67C0E /* ViewController.m */; };
		D413459C1C42461700D67C0E /* Main.storyboard in Resources */ = {isa = PBXBuildFile; fileRef = D413459A1C42461700D67C0E /* Main.storyboard */; };
		D413459E1C42461700D67C0E /* Assets.xcassets in Resources */ = {isa = PBXBuildFile; fileRef = D413459D1C42461700D67C0E /* Assets.xcassets */; };
		D41345A11C42461700D67C0E /* LaunchScreen.storyboard in Resources */ = {isa = PBXBuildFile; fileRef = D413459F1C42461700D67C0E /* LaunchScreen.storyboard */; };
		D41345C11C424E3200D67C0E /* NSArray+JSON.m in Sources */ = {isa = PBXBuildFile; fileRef = D41345C01C424E3200D67C0E /* NSArray+JSON.m */; };
		D41345C81C424EFD00D67C0E /* NSDictionary+JSON.m in Sources */ = {isa = PBXBuildFile; fileRef = D41345C71C424EFD00D67C0E /* NSDictionary+JSON.m */; };
		D41345CD1C42503600D67C0E /* NSData+Base64.m in Sources */ = {isa = PBXBuildFile; fileRef = D41345CC1C42503600D67C0E /* NSData+Base64.m */; };
		D41345D01C42506300D67C0E /* NSString+Base64.m in Sources */ = {isa = PBXBuildFile; fileRef = D41345CF1C42506300D67C0E /* NSString+Base64.m */; };
		D41345D41C42532B00D67C0E /* NSNSObject+PrintUicode.m in Sources */ = {isa = PBXBuildFile; fileRef = D41345D31C42532B00D67C0E /* NSNSObject+PrintUicode.m */; };
		D41345D71C4253A700D67C0E /* NSArray+PrintUnicode.m in Sources */ = {isa = PBXBuildFile; fileRef = D41345D61C4253A700D67C0E /* NSArray+PrintUnicode.m */; };
		D41345DA1C42540000D67C0E /* NSDictionary+PrintUnicode.m in Sources */ = {isa = PBXBuildFile; fileRef = D41345D91C42540000D67C0E /* NSDictionary+PrintUnicode.m */; };
		D41345DE1C42544700D67C0E /* NSSet+PrintUnicode.m in Sources */ = {isa = PBXBuildFile; fileRef = D41345DD1C42544700D67C0E /* NSSet+PrintUnicode.m */; };
		D41345E11C42556A00D67C0E /* NSData+JSON.m in Sources */ = {isa = PBXBuildFile; fileRef = D41345E01C42556A00D67C0E /* NSData+JSON.m */; };
		D41345E41C4255E400D67C0E /* NSString+JSON.m in Sources */ = {isa = PBXBuildFile; fileRef = D41345E31C4255E400D67C0E /* NSString+JSON.m */; };
		D41345E71C42565300D67C0E /* NSData+AES.m in Sources */ = {isa = PBXBuildFile; fileRef = D41345E61C42565300D67C0E /* NSData+AES.m */; };
		D41345EA1C4259C200D67C0E /* NSString+HMAC.m in Sources */ = {isa = PBXBuildFile; fileRef = D41345E91C4259C200D67C0E /* NSString+HMAC.m */; };
		D41345ED1C425A0A00D67C0E /* NSString+AES.m in Sources */ = {isa = PBXBuildFile; fileRef = D41345EC1C425A0A00D67C0E /* NSString+AES.m */; };
		D41345F01C425A6600D67C0E /* NSString+Trim.m in Sources */ = {isa = PBXBuildFile; fileRef = D41345EF1C425A6600D67C0E /* NSString+Trim.m */; };
		D41345F31C425B1200D67C0E /* NSString+TypeChecking.m in Sources */ = {isa = PBXBuildFile; fileRef = D41345F21C425B1200D67C0E /* NSString+TypeChecking.m */; };
		D41345F61C425C3500D67C0E /* NSString+Size.m in Sources */ = {isa = PBXBuildFile; fileRef = D41345F51C425C3500D67C0E /* NSString+Size.m */; };
		D41345FB1C42602A00D67C0E /* UIApplication+Keyboard.m in Sources */ = {isa = PBXBuildFile; fileRef = D41345FA1C42602A00D67C0E /* UIApplication+Keyboard.m */; };
		D41345FF1C4260A300D67C0E /* UIBezierPath+Drawing.m in Sources */ = {isa = PBXBuildFile; fileRef = D41345FE1C4260A300D67C0E /* UIBezierPath+Drawing.m */; };
		D41346031C42610300D67C0E /* UIColor+CreateColor.m in Sources */ = {isa = PBXBuildFile; fileRef = D41346021C42610300D67C0E /* UIColor+CreateColor.m */; };
		D41346071C4261AE00D67C0E /* UIImage+CreateImage.m in Sources */ = {isa = PBXBuildFile; fileRef = D41346061C4261AE00D67C0E /* UIImage+CreateImage.m */; };
		D413460A1C42623000D67C0E /* UIImage+ImageProcessing.m in Sources */ = {isa = PBXBuildFile; fileRef = D41346091C42623000D67C0E /* UIImage+ImageProcessing.m */; };
		D413460E1C42629E00D67C0E /* UIImageView+CreateImageView.m in Sources */ = {isa = PBXBuildFile; fileRef = D413460D1C42629E00D67C0E /* UIImageView+CreateImageView.m */; };
/* End PBXBuildFile section */

/* Begin PBXFileReference section */
		D413458E1C42461700D67C0E /* WWCategory.app */ = {isa = PBXFileReference; explicitFileType = wrapper.application; includeInIndex = 0; path = WWCategory.app; sourceTree = BUILT_PRODUCTS_DIR; };
		D41345921C42461700D67C0E /* main.m */ = {isa = PBXFileReference; lastKnownFileType = sourcecode.c.objc; path = main.m; sourceTree = "<group>"; };
		D41345941C42461700D67C0E /* AppDelegate.h */ = {isa = PBXFileReference; lastKnownFileType = sourcecode.c.h; path = AppDelegate.h; sourceTree = "<group>"; };
		D41345951C42461700D67C0E /* AppDelegate.m */ = {isa = PBXFileReference; lastKnownFileType = sourcecode.c.objc; path = AppDelegate.m; sourceTree = "<group>"; };
		D41345971C42461700D67C0E /* ViewController.h */ = {isa = PBXFileReference; lastKnownFileType = sourcecode.c.h; path = ViewController.h; sourceTree = "<group>"; };
		D41345981C42461700D67C0E /* ViewController.m */ = {isa = PBXFileReference; lastKnownFileType = sourcecode.c.objc; path = ViewController.m; sourceTree = "<group>"; };
		D413459B1C42461700D67C0E /* Base */ = {isa = PBXFileReference; lastKnownFileType = file.storyboard; name = Base; path = Base.lproj/Main.storyboard; sourceTree = "<group>"; };
		D413459D1C42461700D67C0E /* Assets.xcassets */ = {isa = PBXFileReference; lastKnownFileType = folder.assetcatalog; path = Assets.xcassets; sourceTree = "<group>"; };
		D41345A01C42461700D67C0E /* Base */ = {isa = PBXFileReference; lastKnownFileType = file.storyboard; name = Base; path = Base.lproj/LaunchScreen.storyboard; sourceTree = "<group>"; };
		D41345A21C42461700D67C0E /* Info.plist */ = {isa = PBXFileReference; lastKnownFileType = text.plist.xml; path = Info.plist; sourceTree = "<group>"; };
		D41345BF1C424E3200D67C0E /* NSArray+JSON.h */ = {isa = PBXFileReference; fileEncoding = 4; lastKnownFileType = sourcecode.c.h; path = "NSArray+JSON.h"; sourceTree = "<group>"; };
		D41345C01C424E3200D67C0E /* NSArray+JSON.m */ = {isa = PBXFileReference; fileEncoding = 4; lastKnownFileType = sourcecode.c.objc; path = "NSArray+JSON.m"; sourceTree = "<group>"; };
		D41345C61C424EFD00D67C0E /* NSDictionary+JSON.h */ = {isa = PBXFileReference; fileEncoding = 4; lastKnownFileType = sourcecode.c.h; path = "NSDictionary+JSON.h"; sourceTree = "<group>"; };
		D41345C71C424EFD00D67C0E /* NSDictionary+JSON.m */ = {isa = PBXFileReference; fileEncoding = 4; lastKnownFileType = sourcecode.c.objc; path = "NSDictionary+JSON.m"; sourceTree = "<group>"; };
		D41345CB1C42503600D67C0E /* NSData+Base64.h */ = {isa = PBXFileReference; fileEncoding = 4; lastKnownFileType = sourcecode.c.h; path = "NSData+Base64.h"; sourceTree = "<group>"; };
		D41345CC1C42503600D67C0E /* NSData+Base64.m */ = {isa = PBXFileReference; fileEncoding = 4; lastKnownFileType = sourcecode.c.objc; path = "NSData+Base64.m"; sourceTree = "<group>"; };
		D41345CE1C42506300D67C0E /* NSString+Base64.h */ = {isa = PBXFileReference; fileEncoding = 4; lastKnownFileType = sourcecode.c.h; path = "NSString+Base64.h"; sourceTree = "<group>"; };
		D41345CF1C42506300D67C0E /* NSString+Base64.m */ = {isa = PBXFileReference; fileEncoding = 4; lastKnownFileType = sourcecode.c.objc; path = "NSString+Base64.m"; sourceTree = "<group>"; };
		D41345D21C42532B00D67C0E /* NSObject+PrintUicode.h */ = {isa = PBXFileReference; fileEncoding = 4; lastKnownFileType = sourcecode.c.h; path = "NSObject+PrintUicode.h"; sourceTree = "<group>"; };
		D41345D31C42532B00D67C0E /* NSNSObject+PrintUicode.m */ = {isa = PBXFileReference; fileEncoding = 4; lastKnownFileType = sourcecode.c.objc; path = "NSNSObject+PrintUicode.m"; sourceTree = "<group>"; };
		D41345D51C4253A700D67C0E /* NSArray+PrintUnicode.h */ = {isa = PBXFileReference; fileEncoding = 4; lastKnownFileType = sourcecode.c.h; path = "NSArray+PrintUnicode.h"; sourceTree = "<group>"; };
		D41345D61C4253A700D67C0E /* NSArray+PrintUnicode.m */ = {isa = PBXFileReference; fileEncoding = 4; lastKnownFileType = sourcecode.c.objc; path = "NSArray+PrintUnicode.m"; sourceTree = "<group>"; };
		D41345D81C42540000D67C0E /* NSDictionary+PrintUnicode.h */ = {isa = PBXFileReference; fileEncoding = 4; lastKnownFileType = sourcecode.c.h; path = "NSDictionary+PrintUnicode.h"; sourceTree = "<group>"; };
		D41345D91C42540000D67C0E /* NSDictionary+PrintUnicode.m */ = {isa = PBXFileReference; fileEncoding = 4; lastKnownFileType = sourcecode.c.objc; path = "NSDictionary+PrintUnicode.m"; sourceTree = "<group>"; };
		D41345DC1C42544700D67C0E /* NSSet+PrintUnicode.h */ = {isa = PBXFileReference; fileEncoding = 4; lastKnownFileType = sourcecode.c.h; path = "NSSet+PrintUnicode.h"; sourceTree = "<group>"; };
		D41345DD1C42544700D67C0E /* NSSet+PrintUnicode.m */ = {isa = PBXFileReference; fileEncoding = 4; lastKnownFileType = sourcecode.c.objc; path = "NSSet+PrintUnicode.m"; sourceTree = "<group>"; };
		D41345DF1C42556A00D67C0E /* NSData+JSON.h */ = {isa = PBXFileReference; fileEncoding = 4; lastKnownFileType = sourcecode.c.h; path = "NSData+JSON.h"; sourceTree = "<group>"; };
		D41345E01C42556A00D67C0E /* NSData+JSON.m */ = {isa = PBXFileReference; fileEncoding = 4; lastKnownFileType = sourcecode.c.objc; path = "NSData+JSON.m"; sourceTree = "<group>"; };
		D41345E21C4255E400D67C0E /* NSString+JSON.h */ = {isa = PBXFileReference; fileEncoding = 4; lastKnownFileType = sourcecode.c.h; path = "NSString+JSON.h"; sourceTree = "<group>"; };
		D41345E31C4255E400D67C0E /* NSString+JSON.m */ = {isa = PBXFileReference; fileEncoding = 4; lastKnownFileType = sourcecode.c.objc; path = "NSString+JSON.m"; sourceTree = "<group>"; };
		D41345E51C42565300D67C0E /* NSData+AES.h */ = {isa = PBXFileReference; fileEncoding = 4; lastKnownFileType = sourcecode.c.h; path = "NSData+AES.h"; sourceTree = "<group>"; };
		D41345E61C42565300D67C0E /* NSData+AES.m */ = {isa = PBXFileReference; fileEncoding = 4; lastKnownFileType = sourcecode.c.objc; path = "NSData+AES.m"; sourceTree = "<group>"; };
		D41345E81C4259C200D67C0E /* NSString+HMAC.h */ = {isa = PBXFileReference; fileEncoding = 4; lastKnownFileType = sourcecode.c.h; path = "NSString+HMAC.h"; sourceTree = "<group>"; };
		D41345E91C4259C200D67C0E /* NSString+HMAC.m */ = {isa = PBXFileReference; fileEncoding = 4; lastKnownFileType = sourcecode.c.objc; path = "NSString+HMAC.m"; sourceTree = "<group>"; };
		D41345EB1C425A0A00D67C0E /* NSString+AES.h */ = {isa = PBXFileReference; fileEncoding = 4; lastKnownFileType = sourcecode.c.h; path = "NSString+AES.h"; sourceTree = "<group>"; };
		D41345EC1C425A0A00D67C0E /* NSString+AES.m */ = {isa = PBXFileReference; fileEncoding = 4; lastKnownFileType = sourcecode.c.objc; path = "NSString+AES.m"; sourceTree = "<group>"; };
		D41345EE1C425A6600D67C0E /* NSString+Trim.h */ = {isa = PBXFileReference; fileEncoding = 4; lastKnownFileType = sourcecode.c.h; path = "NSString+Trim.h"; sourceTree = "<group>"; };
		D41345EF1C425A6600D67C0E /* NSString+Trim.m */ = {isa = PBXFileReference; fileEncoding = 4; lastKnownFileType = sourcecode.c.objc; path = "NSString+Trim.m"; sourceTree = "<group>"; };
		D41345F11C425B1200D67C0E /* NSString+TypeChecking.h */ = {isa = PBXFileReference; fileEncoding = 4; lastKnownFileType = sourcecode.c.h; path = "NSString+TypeChecking.h"; sourceTree = "<group>"; };
		D41345F21C425B1200D67C0E /* NSString+TypeChecking.m */ = {isa = PBXFileReference; fileEncoding = 4; lastKnownFileType = sourcecode.c.objc; path = "NSString+TypeChecking.m"; sourceTree = "<group>"; };
		D41345F41C425C3500D67C0E /* NSString+Size.h */ = {isa = PBXFileReference; fileEncoding = 4; lastKnownFileType = sourcecode.c.h; path = "NSString+Size.h"; sourceTree = "<group>"; };
		D41345F51C425C3500D67C0E /* NSString+Size.m */ = {isa = PBXFileReference; fileEncoding = 4; lastKnownFileType = sourcecode.c.objc; path = "NSString+Size.m"; sourceTree = "<group>"; };
		D41345F91C42602A00D67C0E /* UIApplication+Keyboard.h */ = {isa = PBXFileReference; fileEncoding = 4; lastKnownFileType = sourcecode.c.h; path = "UIApplication+Keyboard.h"; sourceTree = "<group>"; };
		D41345FA1C42602A00D67C0E /* UIApplication+Keyboard.m */ = {isa = PBXFileReference; fileEncoding = 4; lastKnownFileType = sourcecode.c.objc; path = "UIApplication+Keyboard.m"; sourceTree = "<group>"; };
		D41345FD1C4260A300D67C0E /* UIBezierPath+Drawing.h */ = {isa = PBXFileReference; fileEncoding = 4; lastKnownFileType = sourcecode.c.h; path = "UIBezierPath+Drawing.h"; sourceTree = "<group>"; };
		D41345FE1C4260A300D67C0E /* UIBezierPath+Drawing.m */ = {isa = PBXFileReference; fileEncoding = 4; lastKnownFileType = sourcecode.c.objc; path = "UIBezierPath+Drawing.m"; sourceTree = "<group>"; };
		D41346011C42610300D67C0E /* UIColor+CreateColor.h */ = {isa = PBXFileReference; fileEncoding = 4; lastKnownFileType = sourcecode.c.h; path = "UIColor+CreateColor.h"; sourceTree = "<group>"; };
		D41346021C42610300D67C0E /* UIColor+CreateColor.m */ = {isa = PBXFileReference; fileEncoding = 4; lastKnownFileType = sourcecode.c.objc; path = "UIColor+CreateColor.m"; sourceTree = "<group>"; };
		D41346051C4261AE00D67C0E /* UIImage+CreateImage.h */ = {isa = PBXFileReference; fileEncoding = 4; lastKnownFileType = sourcecode.c.h; path = "UIImage+CreateImage.h"; sourceTree = "<group>"; };
		D41346061C4261AE00D67C0E /* UIImage+CreateImage.m */ = {isa = PBXFileReference; fileEncoding = 4; lastKnownFileType = sourcecode.c.objc; path = "UIImage+CreateImage.m"; sourceTree = "<group>"; };
		D41346081C42623000D67C0E /* UIImage+ImageProcessing.h */ = {isa = PBXFileReference; fileEncoding = 4; lastKnownFileType = sourcecode.c.h; path = "UIImage+ImageProcessing.h"; sourceTree = "<group>"; };
		D41346091C42623000D67C0E /* UIImage+ImageProcessing.m */ = {isa = PBXFileReference; fileEncoding = 4; lastKnownFileType = sourcecode.c.objc; path = "UIImage+ImageProcessing.m"; sourceTree = "<group>"; };
		D413460C1C42629E00D67C0E /* UIImageView+CreateImageView.h */ = {isa = PBXFileReference; fileEncoding = 4; lastKnownFileType = sourcecode.c.h; path = "UIImageView+CreateImageView.h"; sourceTree = "<group>"; };
		D413460D1C42629E00D67C0E /* UIImageView+CreateImageView.m */ = {isa = PBXFileReference; fileEncoding = 4; lastKnownFileType = sourcecode.c.objc; path = "UIImageView+CreateImageView.m"; sourceTree = "<group>"; };
/* End PBXFileReference section */

/* Begin PBXFrameworksBuildPhase section */
		D413458B1C42461700D67C0E /* Frameworks */ = {
			isa = PBXFrameworksBuildPhase;
			buildActionMask = 2147483647;
			files = (
			);
			runOnlyForDeploymentPostprocessing = 0;
		};
/* End PBXFrameworksBuildPhase section */

/* Begin PBXGroup section */
		D41345851C42461700D67C0E = {
			isa = PBXGroup;
			children = (
				D41345901C42461700D67C0E /* WWCategory */,
				D413458F1C42461700D67C0E /* Products */,
			);
			sourceTree = "<group>";
		};
		D413458F1C42461700D67C0E /* Products */ = {
			isa = PBXGroup;
			children = (
				D413458E1C42461700D67C0E /* WWCategory.app */,
			);
			name = Products;
			sourceTree = "<group>";
		};
		D41345901C42461700D67C0E /* WWCategory */ = {
			isa = PBXGroup;
			children = (
				D41345AC1C424E0700D67C0E /* Category */,
				D41345941C42461700D67C0E /* AppDelegate.h */,
				D41345951C42461700D67C0E /* AppDelegate.m */,
				D41345971C42461700D67C0E /* ViewController.h */,
				D41345981C42461700D67C0E /* ViewController.m */,
				D413459A1C42461700D67C0E /* Main.storyboard */,
				D413459D1C42461700D67C0E /* Assets.xcassets */,
				D413459F1C42461700D67C0E /* LaunchScreen.storyboard */,
				D41345A21C42461700D67C0E /* Info.plist */,
				D41345911C42461700D67C0E /* Supporting Files */,
			);
			path = WWCategory;
			sourceTree = "<group>";
		};
		D41345911C42461700D67C0E /* Supporting Files */ = {
			isa = PBXGroup;
			children = (
				D41345921C42461700D67C0E /* main.m */,
			);
			name = "Supporting Files";
			sourceTree = "<group>";
		};
		D41345AC1C424E0700D67C0E /* Category */ = {
			isa = PBXGroup;
			children = (
				D41345AD1C424E0700D67C0E /* Foundation */,
				D41345F71C425FE000D67C0E /* UIKit */,
			);
			path = Category;
			sourceTree = SOURCE_ROOT;
		};
		D41345AD1C424E0700D67C0E /* Foundation */ = {
			isa = PBXGroup;
			children = (
				D41345AE1C424E0700D67C0E /* NSArray */,
				D41345C91C42500100D67C0E /* NSData */,
				D41345C51C424EFD00D67C0E /* NSDictionary */,
				D41345D11C42530500D67C0E /* NSObject */,
				D41345DB1C42543A00D67C0E /* NSSet */,
				D41345CA1C42500100D67C0E /* NSString */,
			);
			path = Foundation;
			sourceTree = "<group>";
		};
		D41345AE1C424E0700D67C0E /* NSArray */ = {
			isa = PBXGroup;
			children = (
				D41345BF1C424E3200D67C0E /* NSArray+JSON.h */,
				D41345C01C424E3200D67C0E /* NSArray+JSON.m */,
				D41345D51C4253A700D67C0E /* NSArray+PrintUnicode.h */,
				D41345D61C4253A700D67C0E /* NSArray+PrintUnicode.m */,
			);
			path = NSArray;
			sourceTree = "<group>";
		};
		D41345C51C424EFD00D67C0E /* NSDictionary */ = {
			isa = PBXGroup;
			children = (
				D41345C61C424EFD00D67C0E /* NSDictionary+JSON.h */,
				D41345C71C424EFD00D67C0E /* NSDictionary+JSON.m */,
				D41345D81C42540000D67C0E /* NSDictionary+PrintUnicode.h */,
				D41345D91C42540000D67C0E /* NSDictionary+PrintUnicode.m */,
			);
			path = NSDictionary;
			sourceTree = "<group>";
		};
		D41345C91C42500100D67C0E /* NSData */ = {
			isa = PBXGroup;
			children = (
				D41345E51C42565300D67C0E /* NSData+AES.h */,
				D41345E61C42565300D67C0E /* NSData+AES.m */,
				D41345CB1C42503600D67C0E /* NSData+Base64.h */,
				D41345CC1C42503600D67C0E /* NSData+Base64.m */,
				D41345DF1C42556A00D67C0E /* NSData+JSON.h */,
				D41345E01C42556A00D67C0E /* NSData+JSON.m */,
			);
			path = NSData;
			sourceTree = "<group>";
		};
		D41345CA1C42500100D67C0E /* NSString */ = {
			isa = PBXGroup;
			children = (
				D41345EB1C425A0A00D67C0E /* NSString+AES.h */,
				D41345EC1C425A0A00D67C0E /* NSString+AES.m */,
				D41345CE1C42506300D67C0E /* NSString+Base64.h */,
				D41345CF1C42506300D67C0E /* NSString+Base64.m */,
				D41345E81C4259C200D67C0E /* NSString+HMAC.h */,
				D41345E91C4259C200D67C0E /* NSString+HMAC.m */,
				D41345E21C4255E400D67C0E /* NSString+JSON.h */,
				D41345E31C4255E400D67C0E /* NSString+JSON.m */,
				D41345EE1C425A6600D67C0E /* NSString+Trim.h */,
				D41345EF1C425A6600D67C0E /* NSString+Trim.m */,
				D41345F11C425B1200D67C0E /* NSString+TypeChecking.h */,
				D41345F21C425B1200D67C0E /* NSString+TypeChecking.m */,
				D41345F41C425C3500D67C0E /* NSString+Size.h */,
				D41345F51C425C3500D67C0E /* NSString+Size.m */,
			);
			path = NSString;
			sourceTree = "<group>";
		};
		D41345D11C42530500D67C0E /* NSObject */ = {
			isa = PBXGroup;
			children = (
				D41345D21C42532B00D67C0E /* NSObject+PrintUicode.h */,
				D41345D31C42532B00D67C0E /* NSNSObject+PrintUicode.m */,
			);
			path = NSObject;
			sourceTree = "<group>";
		};
		D41345DB1C42543A00D67C0E /* NSSet */ = {
			isa = PBXGroup;
			children = (
				D41345DC1C42544700D67C0E /* NSSet+PrintUnicode.h */,
				D41345DD1C42544700D67C0E /* NSSet+PrintUnicode.m */,
			);
			path = NSSet;
			sourceTree = "<group>";
		};
		D41345F71C425FE000D67C0E /* UIKit */ = {
			isa = PBXGroup;
			children = (
				D41345F81C425FE000D67C0E /* UIApplication */,
				D41345FC1C42605F00D67C0E /* UIBezierPath */,
				D41346001C4260D600D67C0E /* UIColor */,
				D41346041C42618A00D67C0E /* UIImage */,
				D413460B1C42628400D67C0E /* UIImageView */,
			);
			path = UIKit;
			sourceTree = "<group>";
		};
		D41345F81C425FE000D67C0E /* UIApplication */ = {
			isa = PBXGroup;
			children = (
				D41345F91C42602A00D67C0E /* UIApplication+Keyboard.h */,
				D41345FA1C42602A00D67C0E /* UIApplication+Keyboard.m */,
			);
			path = UIApplication;
			sourceTree = "<group>";
		};
		D41345FC1C42605F00D67C0E /* UIBezierPath */ = {
			isa = PBXGroup;
			children = (
				D41345FD1C4260A300D67C0E /* UIBezierPath+Drawing.h */,
				D41345FE1C4260A300D67C0E /* UIBezierPath+Drawing.m */,
			);
			path = UIBezierPath;
			sourceTree = "<group>";
		};
		D41346001C4260D600D67C0E /* UIColor */ = {
			isa = PBXGroup;
			children = (
				D41346011C42610300D67C0E /* UIColor+CreateColor.h */,
				D41346021C42610300D67C0E /* UIColor+CreateColor.m */,
			);
			path = UIColor;
			sourceTree = "<group>";
		};
		D41346041C42618A00D67C0E /* UIImage */ = {
			isa = PBXGroup;
			children = (
				D41346051C4261AE00D67C0E /* UIImage+CreateImage.h */,
				D41346061C4261AE00D67C0E /* UIImage+CreateImage.m */,
				D41346081C42623000D67C0E /* UIImage+ImageProcessing.h */,
				D41346091C42623000D67C0E /* UIImage+ImageProcessing.m */,
			);
			path = UIImage;
			sourceTree = "<group>";
		};
		D413460B1C42628400D67C0E /* UIImageView */ = {
			isa = PBXGroup;
			children = (
				D413460C1C42629E00D67C0E /* UIImageView+CreateImageView.h */,
				D413460D1C42629E00D67C0E /* UIImageView+CreateImageView.m */,
			);
			path = UIImageView;
			sourceTree = "<group>";
		};
/* End PBXGroup section */

/* Begin PBXNativeTarget section */
		D413458D1C42461700D67C0E /* WWCategory */ = {
			isa = PBXNativeTarget;
			buildConfigurationList = D41345A51C42461700D67C0E /* Build configuration list for PBXNativeTarget "WWCategory" */;
			buildPhases = (
				D413458A1C42461700D67C0E /* Sources */,
				D413458B1C42461700D67C0E /* Frameworks */,
				D413458C1C42461700D67C0E /* Resources */,
			);
			buildRules = (
			);
			dependencies = (
			);
			name = WWCategory;
			productName = WWCategory;
			productReference = D413458E1C42461700D67C0E /* WWCategory.app */;
			productType = "com.apple.product-type.application";
		};
/* End PBXNativeTarget section */

/* Begin PBXProject section */
		D41345861C42461700D67C0E /* Project object */ = {
			isa = PBXProject;
			attributes = {
				LastUpgradeCheck = 0720;
				ORGANIZATIONNAME = "Won Woo Choi";
				TargetAttributes = {
					D413458D1C42461700D67C0E = {
						CreatedOnToolsVersion = 7.2;
					};
				};
			};
			buildConfigurationList = D41345891C42461700D67C0E /* Build configuration list for PBXProject "WWCategory" */;
			compatibilityVersion = "Xcode 3.2";
			developmentRegion = English;
			hasScannedForEncodings = 0;
			knownRegions = (
				en,
				Base,
			);
			mainGroup = D41345851C42461700D67C0E;
			productRefGroup = D413458F1C42461700D67C0E /* Products */;
			projectDirPath = "";
			projectRoot = "";
			targets = (
				D413458D1C42461700D67C0E /* WWCategory */,
			);
		};
/* End PBXProject section */

/* Begin PBXResourcesBuildPhase section */
		D413458C1C42461700D67C0E /* Resources */ = {
			isa = PBXResourcesBuildPhase;
			buildActionMask = 2147483647;
			files = (
				D41345A11C42461700D67C0E /* LaunchScreen.storyboard in Resources */,
				D413459E1C42461700D67C0E /* Assets.xcassets in Resources */,
				D413459C1C42461700D67C0E /* Main.storyboard in Resources */,
			);
			runOnlyForDeploymentPostprocessing = 0;
		};
/* End PBXResourcesBuildPhase section */

/* Begin PBXSourcesBuildPhase section */
		D413458A1C42461700D67C0E /* Sources */ = {
			isa = PBXSourcesBuildPhase;
			buildActionMask = 2147483647;
			files = (
				D41345E71C42565300D67C0E /* NSData+AES.m in Sources */,
				D41345EA1C4259C200D67C0E /* NSString+HMAC.m in Sources */,
				D41345D71C4253A700D67C0E /* NSArray+PrintUnicode.m in Sources */,
				D41346071C4261AE00D67C0E /* UIImage+CreateImage.m in Sources */,
				D41345991C42461700D67C0E /* ViewController.m in Sources */,
				D41345D41C42532B00D67C0E /* NSNSObject+PrintUicode.m in Sources */,
				D41345F31C425B1200D67C0E /* NSString+TypeChecking.m in Sources */,
				D41345ED1C425A0A00D67C0E /* NSString+AES.m in Sources */,
				D413460A1C42623000D67C0E /* UIImage+ImageProcessing.m in Sources */,
				D41345C81C424EFD00D67C0E /* NSDictionary+JSON.m in Sources */,
				D41345E11C42556A00D67C0E /* NSData+JSON.m in Sources */,
				D41345DE1C42544700D67C0E /* NSSet+PrintUnicode.m in Sources */,
				D41345F61C425C3500D67C0E /* NSString+Size.m in Sources */,
				D41346031C42610300D67C0E /* UIColor+CreateColor.m in Sources */,
				D41345FF1C4260A300D67C0E /* UIBezierPath+Drawing.m in Sources */,
				D41345DA1C42540000D67C0E /* NSDictionary+PrintUnicode.m in Sources */,
				D41345961C42461700D67C0E /* AppDelegate.m in Sources */,
				D41345FB1C42602A00D67C0E /* UIApplication+Keyboard.m in Sources */,
				D413460E1C42629E00D67C0E /* UIImageView+CreateImageView.m in Sources */,
				D41345C11C424E3200D67C0E /* NSArray+JSON.m in Sources */,
				D41345931C42461700D67C0E /* main.m in Sources */,
				D41345CD1C42503600D67C0E /* NSData+Base64.m in Sources */,
				D41345D01C42506300D67C0E /* NSString+Base64.m in Sources */,
				D41345E41C4255E400D67C0E /* NSString+JSON.m in Sources */,
				D41345F01C425A6600D67C0E /* NSString+Trim.m in Sources */,
			);
			runOnlyForDeploymentPostprocessing = 0;
		};
/* End PBXSourcesBuildPhase section */

/* Begin PBXVariantGroup section */
		D413459A1C42461700D67C0E /* Main.storyboard */ = {
			isa = PBXVariantGroup;
			children = (
				D413459B1C42461700D67C0E /* Base */,
			);
			name = Main.storyboard;
			sourceTree = "<group>";
		};
		D413459F1C42461700D67C0E /* LaunchScreen.storyboard */ = {
			isa = PBXVariantGroup;
			children = (
				D41345A01C42461700D67C0E /* Base */,
			);
			name = LaunchScreen.storyboard;
			sourceTree = "<group>";
		};
/* End PBXVariantGroup section */

/* Begin XCBuildConfiguration section */
		D41345A31C42461700D67C0E /* Debug */ = {
			isa = XCBuildConfiguration;
			buildSettings = {
				ALWAYS_SEARCH_USER_PATHS = NO;
				CLANG_CXX_LANGUAGE_STANDARD = "gnu++0x";
				CLANG_CXX_LIBRARY = "libc++";
				CLANG_ENABLE_MODULES = YES;
				CLANG_ENABLE_OBJC_ARC = YES;
				CLANG_WARN_BOOL_CONVERSION = YES;
				CLANG_WARN_CONSTANT_CONVERSION = YES;
				CLANG_WARN_DIRECT_OBJC_ISA_USAGE = YES_ERROR;
				CLANG_WARN_EMPTY_BODY = YES;
				CLANG_WARN_ENUM_CONVERSION = YES;
				CLANG_WARN_INT_CONVERSION = YES;
				CLANG_WARN_OBJC_ROOT_CLASS = YES_ERROR;
				CLANG_WARN_UNREACHABLE_CODE = YES;
				CLANG_WARN__DUPLICATE_METHOD_MATCH = YES;
				"CODE_SIGN_IDENTITY[sdk=iphoneos*]" = "iPhone Developer";
				COPY_PHASE_STRIP = NO;
				DEBUG_INFORMATION_FORMAT = dwarf;
				ENABLE_STRICT_OBJC_MSGSEND = YES;
				ENABLE_TESTABILITY = YES;
				GCC_C_LANGUAGE_STANDARD = gnu99;
				GCC_DYNAMIC_NO_PIC = NO;
				GCC_NO_COMMON_BLOCKS = YES;
				GCC_OPTIMIZATION_LEVEL = 0;
				GCC_PREPROCESSOR_DEFINITIONS = (
					"DEBUG=1",
					"$(inherited)",
				);
				GCC_WARN_64_TO_32_BIT_CONVERSION = YES;
				GCC_WARN_ABOUT_RETURN_TYPE = YES_ERROR;
				GCC_WARN_UNDECLARED_SELECTOR = YES;
				GCC_WARN_UNINITIALIZED_AUTOS = YES_AGGRESSIVE;
				GCC_WARN_UNUSED_FUNCTION = YES;
				GCC_WARN_UNUSED_VARIABLE = YES;
				IPHONEOS_DEPLOYMENT_TARGET = 9.2;
				MTL_ENABLE_DEBUG_INFO = YES;
				ONLY_ACTIVE_ARCH = YES;
				SDKROOT = iphoneos;
			};
			name = Debug;
		};
		D41345A41C42461700D67C0E /* Release */ = {
			isa = XCBuildConfiguration;
			buildSettings = {
				ALWAYS_SEARCH_USER_PATHS = NO;
				CLANG_CXX_LANGUAGE_STANDARD = "gnu++0x";
				CLANG_CXX_LIBRARY = "libc++";
				CLANG_ENABLE_MODULES = YES;
				CLANG_ENABLE_OBJC_ARC = YES;
				CLANG_WARN_BOOL_CONVERSION = YES;
				CLANG_WARN_CONSTANT_CONVERSION = YES;
				CLANG_WARN_DIRECT_OBJC_ISA_USAGE = YES_ERROR;
				CLANG_WARN_EMPTY_BODY = YES;
				CLANG_WARN_ENUM_CONVERSION = YES;
				CLANG_WARN_INT_CONVERSION = YES;
				CLANG_WARN_OBJC_ROOT_CLASS = YES_ERROR;
				CLANG_WARN_UNREACHABLE_CODE = YES;
				CLANG_WARN__DUPLICATE_METHOD_MATCH = YES;
				"CODE_SIGN_IDENTITY[sdk=iphoneos*]" = "iPhone Developer";
				COPY_PHASE_STRIP = NO;
				DEBUG_INFORMATION_FORMAT = "dwarf-with-dsym";
				ENABLE_NS_ASSERTIONS = NO;
				ENABLE_STRICT_OBJC_MSGSEND = YES;
				GCC_C_LANGUAGE_STANDARD = gnu99;
				GCC_NO_COMMON_BLOCKS = YES;
				GCC_WARN_64_TO_32_BIT_CONVERSION = YES;
				GCC_WARN_ABOUT_RETURN_TYPE = YES_ERROR;
				GCC_WARN_UNDECLARED_SELECTOR = YES;
				GCC_WARN_UNINITIALIZED_AUTOS = YES_AGGRESSIVE;
				GCC_WARN_UNUSED_FUNCTION = YES;
				GCC_WARN_UNUSED_VARIABLE = YES;
				IPHONEOS_DEPLOYMENT_TARGET = 9.2;
				MTL_ENABLE_DEBUG_INFO = NO;
				SDKROOT = iphoneos;
				VALIDATE_PRODUCT = YES;
			};
			name = Release;
		};
		D41345A61C42461700D67C0E /* Debug */ = {
			isa = XCBuildConfiguration;
			buildSettings = {
				ASSETCATALOG_COMPILER_APPICON_NAME = AppIcon;
				INFOPLIST_FILE = WWCategory/Info.plist;
				LD_RUNPATH_SEARCH_PATHS = "$(inherited) @executable_path/Frameworks";
				PRODUCT_BUNDLE_IDENTIFIER = "-.WWCategory";
				PRODUCT_NAME = "$(TARGET_NAME)";
			};
			name = Debug;
		};
		D41345A71C42461700D67C0E /* Release */ = {
			isa = XCBuildConfiguration;
			buildSettings = {
				ASSETCATALOG_COMPILER_APPICON_NAME = AppIcon;
				INFOPLIST_FILE = WWCategory/Info.plist;
				LD_RUNPATH_SEARCH_PATHS = "$(inherited) @executable_path/Frameworks";
				PRODUCT_BUNDLE_IDENTIFIER = "-.WWCategory";
				PRODUCT_NAME = "$(TARGET_NAME)";
			};
			name = Release;
		};
/* End XCBuildConfiguration section */

/* Begin XCConfigurationList section */
		D41345891C42461700D67C0E /* Build configuration list for PBXProject "WWCategory" */ = {
			isa = XCConfigurationList;
			buildConfigurations = (
				D41345A31C42461700D67C0E /* Debug */,
				D41345A41C42461700D67C0E /* Release */,
			);
			defaultConfigurationIsVisible = 0;
			defaultConfigurationName = Release;
		};
		D41345A51C42461700D67C0E /* Build configuration list for PBXNativeTarget "WWCategory" */ = {
			isa = XCConfigurationList;
			buildConfigurations = (
				D41345A61C42461700D67C0E /* Debug */,
				D41345A71C42461700D67C0E /* Release */,
			);
			defaultConfigurationIsVisible = 0;
		};
/* End XCConfigurationList section */
	};
	rootObject = D41345861C42461700D67C0E /* Project object */;
}
